// !$*UTF8*$!
{
	archiveVersion = 1;
	classes = {
	};
	objectVersion = 77;
	objects = {

/* Begin PBXBuildFile section */
		100000000000000000000001 /* BootstrapApp.swift in Sources */ = {isa = PBXBuildFile; fileRef = 200000000000000000000001 /* BootstrapApp.swift */; };
		100000000000000000000002 /* ContentView.swift in Sources */ = {isa = PBXBuildFile; fileRef = 200000000000000000000002 /* ContentView.swift */; };
		100000000000000000000003 /* RekonPursuitTests.swift in Sources */ = {isa = PBXBuildFile; fileRef = 200000000000000000000004 /* RekonPursuitTests.swift */; };
		100000000000000000000004 /* RekonPursuitUITests.swift in Sources */ = {isa = PBXBuildFile; fileRef = 200000000000000000000005 /* RekonPursuitUITests.swift */; };
		100000000000000000000005 /* TestSupport.swift in Sources */ = {isa = PBXBuildFile; fileRef = 200000000000000000000009 /* TestSupport.swift */; };
		100000000000000000000006 /* fixture-manifest.json in Resources */ = {isa = PBXBuildFile; fileRef = 200000000000000000000010 /* fixture-manifest.json */; };
		100000000000000000000007 /* EncryptedDatabaseTests.swift in Sources */ = {isa = PBXBuildFile; fileRef = 200000000000000000000011 /* EncryptedDatabaseTests.swift */; };
		100000000000000000000008 /* EncryptedDatabase.swift in Sources */ = {isa = PBXBuildFile; fileRef = 200000000000000000000012 /* EncryptedDatabase.swift */; };
		100000000000000000000009 /* libsqlcipher.a in Frameworks */ = {isa = PBXBuildFile; fileRef = 200000000000000000000013 /* libsqlcipher.a */; };
		100000000000000000000010 /* WorkspaceStoreTests.swift in Sources */ = {isa = PBXBuildFile; fileRef = 200000000000000000000015 /* WorkspaceStoreTests.swift */; };
		100000000000000000000011 /* WorkspaceStore.swift in Sources */ = {isa = PBXBuildFile; fileRef = 200000000000000000000016 /* WorkspaceStore.swift */; };
		100000000000000000000012 /* WorkspaceModels.swift in Sources */ = {isa = PBXBuildFile; fileRef = 200000000000000000000017 /* WorkspaceModels.swift */; };
		100000000000000000000013 /* Migrations.swift in Sources */ = {isa = PBXBuildFile; fileRef = 200000000000000000000018 /* Migrations.swift */; };
		100000000000000000000014 /* WorkspaceOpenTests.swift in Sources */ = {isa = PBXBuildFile; fileRef = 200000000000000000000019 /* WorkspaceOpenTests.swift */; };
		100000000000000000000015 /* WorkspaceKeyStore.swift in Sources */ = {isa = PBXBuildFile; fileRef = 200000000000000000000020 /* WorkspaceKeyStore.swift */; };
		100000000000000000000016 /* WorkspaceOpenState.swift in Sources */ = {isa = PBXBuildFile; fileRef = 200000000000000000000021 /* WorkspaceOpenState.swift */; };
		100000000000000000000017 /* WorkspaceViewModelTests.swift in Sources */ = {isa = PBXBuildFile; fileRef = 200000000000000000000022 /* WorkspaceViewModelTests.swift */; };
		100000000000000000000018 /* WorkspaceViewModel.swift in Sources */ = {isa = PBXBuildFile; fileRef = 200000000000000000000023 /* WorkspaceViewModel.swift */; };
		100000000000000000000019 /* CSVOpportunityImporter.swift in Sources */ = {isa = PBXBuildFile; fileRef = 200000000000000000000024 /* CSVOpportunityImporter.swift */; };
		100000000000000000000020 /* AppShellView.swift in Sources */ = {isa = PBXBuildFile; fileRef = 200000000000000000000025 /* AppShellView.swift */; };
/* End PBXBuildFile section */

/* Begin PBXContainerItemProxy section */
		300000000000000000000001 /* PBXContainerItemProxy */ = {
			isa = PBXContainerItemProxy;
			containerPortal = 400000000000000000000001 /* Project object */;
			proxyType = 1;
			remoteGlobalIDString = 500000000000000000000001;
			remoteInfo = RekonPursuit;
		};
		300000000000000000000002 /* PBXContainerItemProxy */ = {
			isa = PBXContainerItemProxy;
			containerPortal = 400000000000000000000001 /* Project object */;
			proxyType = 1;
			remoteGlobalIDString = 500000000000000000000001;
			remoteInfo = RekonPursuit;
		};
/* End PBXContainerItemProxy section */

/* Begin PBXFileReference section */
		200000000000000000000001 /* BootstrapApp.swift */ = {isa = PBXFileReference; lastKnownFileType = sourcecode.swift; path = BootstrapApp.swift; sourceTree = "<group>"; };
		200000000000000000000002 /* ContentView.swift */ = {isa = PBXFileReference; lastKnownFileType = sourcecode.swift; path = ContentView.swift; sourceTree = "<group>"; };
		200000000000000000000003 /* RekonPursuit.entitlements */ = {isa = PBXFileReference; lastKnownFileType = text.plist.entitlements; path = RekonPursuit.entitlements; sourceTree = "<group>"; };
		200000000000000000000004 /* RekonPursuitTests.swift */ = {isa = PBXFileReference; lastKnownFileType = sourcecode.swift; path = RekonPursuitTests.swift; sourceTree = "<group>"; };
		200000000000000000000005 /* RekonPursuitUITests.swift */ = {isa = PBXFileReference; lastKnownFileType = sourcecode.swift; path = RekonPursuitUITests.swift; sourceTree = "<group>"; };
		200000000000000000000006 /* RekonPursuit.app */ = {isa = PBXFileReference; explicitFileType = wrapper.application; includeInIndex = 0; path = RekonPursuit.app; sourceTree = BUILT_PRODUCTS_DIR; };
		200000000000000000000007 /* RekonPursuitTests.xctest */ = {isa = PBXFileReference; explicitFileType = wrapper.cfbundle; includeInIndex = 0; path = RekonPursuitTests.xctest; sourceTree = BUILT_PRODUCTS_DIR; };
		200000000000000000000008 /* RekonPursuitUITests.xctest */ = {isa = PBXFileReference; explicitFileType = wrapper.cfbundle; includeInIndex = 0; path = RekonPursuitUITests.xctest; sourceTree = BUILT_PRODUCTS_DIR; };
		200000000000000000000009 /* TestSupport.swift */ = {isa = PBXFileReference; lastKnownFileType = sourcecode.swift; path = TestSupport.swift; sourceTree = "<group>"; };
		200000000000000000000010 /* fixture-manifest.json */ = {isa = PBXFileReference; lastKnownFileType = text.json; path = Fixtures/fixture-manifest.json; sourceTree = "<group>"; };
		200000000000000000000011 /* EncryptedDatabaseTests.swift */ = {isa = PBXFileReference; lastKnownFileType = sourcecode.swift; path = EncryptedDatabaseTests.swift; sourceTree = "<group>"; };
		200000000000000000000012 /* EncryptedDatabase.swift */ = {isa = PBXFileReference; lastKnownFileType = sourcecode.swift; path = EncryptedDatabase.swift; sourceTree = "<group>"; };
		200000000000000000000013 /* libsqlcipher.a */ = {isa = PBXFileReference; lastKnownFileType = archive.ar; path = lib/libsqlcipher.a; sourceTree = "<group>"; };
		200000000000000000000014 /* module.modulemap */ = {isa = PBXFileReference; lastKnownFileType = sourcecode.module-map; path = module.modulemap; sourceTree = "<group>"; };
		200000000000000000000015 /* WorkspaceStoreTests.swift */ = {isa = PBXFileReference; lastKnownFileType = sourcecode.swift; path = WorkspaceStoreTests.swift; sourceTree = "<group>"; };
		200000000000000000000016 /* WorkspaceStore.swift */ = {isa = PBXFileReference; lastKnownFileType = sourcecode.swift; path = RekonPursuitCore/Workspace/WorkspaceStore.swift; sourceTree = "<group>"; };
		200000000000000000000017 /* WorkspaceModels.swift */ = {isa = PBXFileReference; lastKnownFileType = sourcecode.swift; path = RekonPursuitCore/Workspace/WorkspaceModels.swift; sourceTree = "<group>"; };
		200000000000000000000018 /* Migrations.swift */ = {isa = PBXFileReference; lastKnownFileType = sourcecode.swift; path = RekonPursuitCore/Workspace/Migrations.swift; sourceTree = "<group>"; };
		200000000000000000000019 /* WorkspaceOpenTests.swift */ = {isa = PBXFileReference; lastKnownFileType = sourcecode.swift; path = WorkspaceOpenTests.swift; sourceTree = "<group>"; };
		200000000000000000000020 /* WorkspaceKeyStore.swift */ = {isa = PBXFileReference; lastKnownFileType = sourcecode.swift; path = RekonPursuitCore/Security/WorkspaceKeyStore.swift; sourceTree = "<group>"; };
		200000000000000000000021 /* WorkspaceOpenState.swift */ = {isa = PBXFileReference; lastKnownFileType = sourcecode.swift; path = RekonPursuitCore/Workspace/WorkspaceOpenState.swift; sourceTree = "<group>"; };
		200000000000000000000022 /* WorkspaceViewModelTests.swift */ = {isa = PBXFileReference; lastKnownFileType = sourcecode.swift; path = WorkspaceViewModelTests.swift; sourceTree = "<group>"; };
		200000000000000000000023 /* WorkspaceViewModel.swift */ = {isa = PBXFileReference; lastKnownFileType = sourcecode.swift; path = WorkspaceViewModel.swift; sourceTree = "<group>"; };
		200000000000000000000024 /* CSVOpportunityImporter.swift */ = {isa = PBXFileReference; lastKnownFileType = sourcecode.swift; path = RekonPursuitCore/Import/CSVOpportunityImporter.swift; sourceTree = "<group>"; };
		200000000000000000000025 /* AppShellView.swift */ = {isa = PBXFileReference; lastKnownFileType = sourcecode.swift; path = AppShellView.swift; sourceTree = "<group>"; };
/* End PBXFileReference section */

/* Begin PBXFrameworksBuildPhase section */
		600000000000000000000001 /* Frameworks */ = {
			isa = PBXFrameworksBuildPhase;
			buildActionMask = 2147483647;
			files = (
				100000000000000000000009 /* libsqlcipher.a in Frameworks */,
			);
			runOnlyForDeploymentPostprocessing = 0;
		};
		600000000000000000000002 /* Frameworks */ = {
			isa = PBXFrameworksBuildPhase;
			buildActionMask = 2147483647;
			files = (
			);
			runOnlyForDeploymentPostprocessing = 0;
		};
		600000000000000000000003 /* Frameworks */ = {
			isa = PBXFrameworksBuildPhase;
			buildActionMask = 2147483647;
			files = (
			);
			runOnlyForDeploymentPostprocessing = 0;
		};
/* End PBXFrameworksBuildPhase section */

/* Begin PBXGroup section */
		700000000000000000000001 = {
			isa = PBXGroup;
			children = (
				700000000000000000000002 /* RekonPursuit */,
				700000000000000000000003 /* RekonPursuitTests */,
				700000000000000000000006 /* RekonPursuitCoreTests */,
				700000000000000000000004 /* RekonPursuitUITests */,
				700000000000000000000007 /* RekonPursuitCore */,
				700000000000000000000008 /* SQLCipher */,
				200000000000000000000016 /* WorkspaceStore.swift */,
				200000000000000000000017 /* WorkspaceModels.swift */,
				200000000000000000000018 /* Migrations.swift */,
				200000000000000000000020 /* WorkspaceKeyStore.swift */,
				200000000000000000000021 /* WorkspaceOpenState.swift */,
				200000000000000000000024 /* CSVOpportunityImporter.swift */,
				700000000000000000000005 /* Products */,
			);
			sourceTree = "<group>";
		};
		700000000000000000000002 /* RekonPursuit */ = {
			isa = PBXGroup;
			children = (
				200000000000000000000001 /* BootstrapApp.swift */,
				200000000000000000000025 /* AppShellView.swift */,
				200000000000000000000002 /* ContentView.swift */,
				200000000000000000000003 /* RekonPursuit.entitlements */,
				200000000000000000000023 /* WorkspaceViewModel.swift */,
			);
			path = RekonPursuit;
			sourceTree = "<group>";
		};
		700000000000000000000003 /* RekonPursuitTests */ = {
			isa = PBXGroup;
			children = (
				200000000000000000000004 /* RekonPursuitTests.swift */,
				200000000000000000000009 /* TestSupport.swift */,
				200000000000000000000010 /* fixture-manifest.json */,
				200000000000000000000022 /* WorkspaceViewModelTests.swift */,
			);
			path = RekonPursuitTests;
			sourceTree = "<group>";
		};
		700000000000000000000006 /* RekonPursuitCoreTests */ = {
			isa = PBXGroup;
			children = (
				200000000000000000000011 /* EncryptedDatabaseTests.swift */,
				200000000000000000000015 /* WorkspaceStoreTests.swift */,
				200000000000000000000019 /* WorkspaceOpenTests.swift */,
			);
			path = RekonPursuitCoreTests;
			sourceTree = "<group>";
		};
		700000000000000000000007 /* RekonPursuitCore */ = {
			isa = PBXGroup;
			children = (
				200000000000000000000012 /* EncryptedDatabase.swift */,
			);
			path = RekonPursuitCore/Database;
			sourceTree = "<group>";
		};
		700000000000000000000008 /* SQLCipher */ = {
			isa = PBXGroup;
			children = (
				200000000000000000000013 /* libsqlcipher.a */,
				200000000000000000000014 /* module.modulemap */,
			);
			path = Dependencies/SQLCipher;
			sourceTree = "<group>";
		};
		700000000000000000000004 /* RekonPursuitUITests */ = {
			isa = PBXGroup;
			children = (
				200000000000000000000005 /* RekonPursuitUITests.swift */,
			);
			path = RekonPursuitUITests;
			sourceTree = "<group>";
		};
		700000000000000000000005 /* Products */ = {
			isa = PBXGroup;
			children = (
				200000000000000000000006 /* RekonPursuit.app */,
				200000000000000000000007 /* RekonPursuitTests.xctest */,
				200000000000000000000008 /* RekonPursuitUITests.xctest */,
			);
			name = Products;
			sourceTree = "<group>";
		};
/* End PBXGroup section */

/* Begin PBXNativeTarget section */
		500000000000000000000001 /* RekonPursuit */ = {
			isa = PBXNativeTarget;
			buildConfigurationList = 800000000000000000000002 /* Build configuration list for PBXNativeTarget "RekonPursuit" */;
			buildPhases = (
				900000000000000000000001 /* Sources */,
				600000000000000000000001 /* Frameworks */,
				900000000000000000000004 /* Resources */,
			);
			buildRules = (
			);
			dependencies = (
			);
			name = RekonPursuit;
			packageProductDependencies = (
			);
			productName = RekonPursuit;
			productReference = 200000000000000000000006 /* RekonPursuit.app */;
			productType = "com.apple.product-type.application";
		};
		500000000000000000000002 /* RekonPursuitTests */ = {
			isa = PBXNativeTarget;
			buildConfigurationList = 800000000000000000000003 /* Build configuration list for PBXNativeTarget "RekonPursuitTests" */;
			buildPhases = (
				900000000000000000000002 /* Sources */,
				600000000000000000000002 /* Frameworks */,
				900000000000000000000005 /* Resources */,
			);
			buildRules = (
			);
			dependencies = (
				A00000000000000000000001 /* PBXTargetDependency */,
			);
			name = RekonPursuitTests;
			packageProductDependencies = (
			);
			productName = RekonPursuitTests;
			productReference = 200000000000000000000007 /* RekonPursuitTests.xctest */;
			productType = "com.apple.product-type.bundle.unit-test";
		};
		500000000000000000000003 /* RekonPursuitUITests */ = {
			isa = PBXNativeTarget;
			buildConfigurationList = 800000000000000000000004 /* Build configuration list for PBXNativeTarget "RekonPursuitUITests" */;
			buildPhases = (
				900000000000000000000003 /* Sources */,
				600000000000000000000003 /* Frameworks */,
				900000000000000000000006 /* Resources */,
			);
			buildRules = (
			);
			dependencies = (
				A00000000000000000000002 /* PBXTargetDependency */,
			);
			name = RekonPursuitUITests;
			packageProductDependencies = (
			);
			productName = RekonPursuitUITests;
			productReference = 200000000000000000000008 /* RekonPursuitUITests.xctest */;
			productType = "com.apple.product-type.bundle.ui-testing";
		};
/* End PBXNativeTarget section */

/* Begin PBXProject section */
		400000000000000000000001 /* Project object */ = {
			isa = PBXProject;
			attributes = {
				BuildIndependentTargetsInParallel = 1;
				LastSwiftUpdateCheck = 2660;
				LastUpgradeCheck = 2660;
				TargetAttributes = {
					500000000000000000000001 = {
						CreatedOnToolsVersion = 26.0;
					};
					500000000000000000000002 = {
						CreatedOnToolsVersion = 26.0;
						TestTargetID = 500000000000000000000001;
					};
					500000000000000000000003 = {
						CreatedOnToolsVersion = 26.0;
						TestTargetID = 500000000000000000000001;
					};
				};
			};
			buildConfigurationList = 800000000000000000000001 /* Build configuration list for PBXProject "RekonPursuit" */;
			developmentRegion = en;
			hasScannedForEncodings = 0;
			knownRegions = (
				en,
				Base,
			);
			mainGroup = 700000000000000000000001;
			minimizedProjectReferenceProxies = 1;
			preferredProjectObjectVersion = 77;
			productRefGroup = 700000000000000000000005 /* Products */;
			projectDirPath = "";
			projectRoot = "";
			targets = (
				500000000000000000000001 /* RekonPursuit */,
				500000000000000000000002 /* RekonPursuitTests */,
				500000000000000000000003 /* RekonPursuitUITests */,
			);
		};
/* End PBXProject section */

/* Begin PBXResourcesBuildPhase section */
		900000000000000000000004 /* Resources */ = {
			isa = PBXResourcesBuildPhase;
			buildActionMask = 2147483647;
			files = (
			);
			runOnlyForDeploymentPostprocessing = 0;
		};
		900000000000000000000005 /* Resources */ = {
			isa = PBXResourcesBuildPhase;
			buildActionMask = 2147483647;
			files = (
				100000000000000000000006 /* fixture-manifest.json in Resources */,
			);
			runOnlyForDeploymentPostprocessing = 0;
		};
		900000000000000000000006 /* Resources */ = {
			isa = PBXResourcesBuildPhase;
			buildActionMask = 2147483647;
			files = (
			);
			runOnlyForDeploymentPostprocessing = 0;
		};
/* End PBXResourcesBuildPhase section */

/* Begin PBXSourcesBuildPhase section */
		900000000000000000000001 /* Sources */ = {
			isa = PBXSourcesBuildPhase;
			buildActionMask = 2147483647;
			files = (
				100000000000000000000001 /* BootstrapApp.swift in Sources */,
				100000000000000000000002 /* ContentView.swift in Sources */,
				100000000000000000000008 /* EncryptedDatabase.swift in Sources */,
				100000000000000000000011 /* WorkspaceStore.swift in Sources */,
				100000000000000000000012 /* WorkspaceModels.swift in Sources */,
				100000000000000000000013 /* Migrations.swift in Sources */,
				100000000000000000000015 /* WorkspaceKeyStore.swift in Sources */,
				100000000000000000000016 /* WorkspaceOpenState.swift in Sources */,
				100000000000000000000018 /* WorkspaceViewModel.swift in Sources */,
				100000000000000000000019 /* CSVOpportunityImporter.swift in Sources */,
				100000000000000000000020 /* AppShellView.swift in Sources */,
			);
			runOnlyForDeploymentPostprocessing = 0;
		};
		900000000000000000000002 /* Sources */ = {
			isa = PBXSourcesBuildPhase;
			buildActionMask = 2147483647;
			files = (
				100000000000000000000003 /* RekonPursuitTests.swift in Sources */,
				100000000000000000000005 /* TestSupport.swift in Sources */,
				100000000000000000000007 /* EncryptedDatabaseTests.swift in Sources */,
				100000000000000000000010 /* WorkspaceStoreTests.swift in Sources */,
				100000000000000000000014 /* WorkspaceOpenTests.swift in Sources */,
				100000000000000000000017 /* WorkspaceViewModelTests.swift in Sources */,
			);
			runOnlyForDeploymentPostprocessing = 0;
		};
		900000000000000000000003 /* Sources */ = {
			isa = PBXSourcesBuildPhase;
			buildActionMask = 2147483647;
			files = (
				100000000000000000000004 /* RekonPursuitUITests.swift in Sources */,
			);
			runOnlyForDeploymentPostprocessing = 0;
		};
/* End PBXSourcesBuildPhase section */

/* Begin PBXTargetDependency section */
		A00000000000000000000001 /* PBXTargetDependency */ = {
			isa = PBXTargetDependency;
			target = 500000000000000000000001 /* RekonPursuit */;
			targetProxy = 300000000000000000000001 /* PBXContainerItemProxy */;
		};
		A00000000000000000000002 /* PBXTargetDependency */ = {
			isa = PBXTargetDependency;
			target = 500000000000000000000001 /* RekonPursuit */;
			targetProxy = 300000000000000000000002 /* PBXContainerItemProxy */;
		};
/* End PBXTargetDependency section */

/* Begin XCBuildConfiguration section */
		B00000000000000000000001 /* Debug */ = {
			isa = XCBuildConfiguration;
			buildSettings = {
				ALWAYS_SEARCH_USER_PATHS = NO;
				ARCHS = "arm64 x86_64";
				CLANG_ANALYZER_NONNULL = YES;
				CLANG_ANALYZER_NUMBER_OBJECT_CONVERSION = YES_AGGRESSIVE;
				CLANG_CXX_LANGUAGE_STANDARD = "gnu++20";
				CLANG_ENABLE_MODULES = YES;
				CLANG_ENABLE_OBJC_ARC = YES;
				CLANG_ENABLE_OBJC_WEAK = YES;
				CLANG_WARN_BLOCK_CAPTURE_AUTORELEASING = YES;
				CLANG_WARN_BOOL_CONVERSION = YES;
				CLANG_WARN_COMMA = YES;
				CLANG_WARN_CONSTANT_CONVERSION = YES;
				CLANG_WARN_DEPRECATED_OBJC_IMPLEMENTATIONS = YES;
				CLANG_WARN_DIRECT_OBJC_ISA_USAGE = YES_ERROR;
				CLANG_WARN_DOCUMENTATION_COMMENTS = YES;
				CLANG_WARN_EMPTY_BODY = YES;
				CLANG_WARN_ENUM_CONVERSION = YES;
				CLANG_WARN_INFINITE_RECURSION = YES;
				CLANG_WARN_INT_CONVERSION = YES;
				CLANG_WARN_NON_LITERAL_NULL_CONVERSION = YES;
				CLANG_WARN_OBJC_IMPLICIT_RETAIN_SELF = YES;
				CLANG_WARN_OBJC_LITERAL_CONVERSION = YES;
				CLANG_WARN_OBJC_ROOT_CLASS = YES_ERROR;
				CLANG_WARN_QUOTED_INCLUDE_IN_FRAMEWORK_HEADER = YES;
				CLANG_WARN_RANGE_LOOP_ANALYSIS = YES;
				CLANG_WARN_STRICT_PROTOTYPES = YES;
				CLANG_WARN_SUSPICIOUS_MOVE = YES;
				CLANG_WARN_UNGUARDED_AVAILABILITY = YES_AGGRESSIVE;
				CLANG_WARN_UNREACHABLE_CODE = YES;
				CLANG_WARN__DUPLICATE_METHOD_MATCH = YES;
				COPY_PHASE_STRIP = NO;
				DEBUG_INFORMATION_FORMAT = dwarf;
				ENABLE_STRICT_OBJC_MSGSEND = YES;
				ENABLE_TESTABILITY = YES;
				GCC_C_LANGUAGE_STANDARD = gnu17;
				GCC_DYNAMIC_NO_PIC = NO;
				GCC_NO_COMMON_BLOCKS = YES;
				GCC_OPTIMIZATION_LEVEL = 0;
				GCC_PREPROCESSOR_DEFINITIONS = (
					"DEBUG=1",
					"$(inherited)",
				);
				GCC_WARN_64_TO_32_BIT_CONVERSION = YES;
				GCC_WARN_ABOUT_RETURN_TYPE = YES_ERROR;
				GCC_WARN_UNDECLARED_SELECTOR = YES;
				GCC_WARN_UNINITIALIZED_AUTOS = YES_AGGRESSIVE;
				GCC_WARN_UNUSED_FUNCTION = YES;
				GCC_WARN_UNUSED_VARIABLE = YES;
				LOCALIZATION_PREFERS_STRING_CATALOGS = YES;
				MACOSX_DEPLOYMENT_TARGET = 14.0;
				MTL_ENABLE_DEBUG_INFO = INCLUDE_SOURCE;
				MTL_FAST_MATH = YES;
				ONLY_ACTIVE_ARCH = NO;
				SDKROOT = macosx;
				SWIFT_INCLUDE_PATHS = "$(PROJECT_DIR)/Dependencies/SQLCipher";
				OTHER_SWIFT_FLAGS = "$(inherited) -Xcc -DSQLITE_HAS_CODEC";
				OTHER_LDFLAGS = "$(inherited) -L$(PROJECT_DIR)/Dependencies/SQLCipher/lib -framework Security -framework CoreFoundation -lz";
				SWIFT_ACTIVE_COMPILATION_CONDITIONS = "DEBUG $(inherited)";
				SWIFT_OPTIMIZATION_LEVEL = "-Onone";
				SWIFT_STRICT_CONCURRENCY = complete;
				SWIFT_VERSION = 6.0;
			};
			name = Debug;
		};
		B00000000000000000000002 /* Release */ = {
			isa = XCBuildConfiguration;
			buildSettings = {
				ALWAYS_SEARCH_USER_PATHS = NO;
				ARCHS = "arm64 x86_64";
				CLANG_ANALYZER_NONNULL = YES;
				CLANG_ANALYZER_NUMBER_OBJECT_CONVERSION = YES_AGGRESSIVE;
				CLANG_CXX_LANGUAGE_STANDARD = "gnu++20";
				CLANG_ENABLE_MODULES = YES;
				CLANG_ENABLE_OBJC_ARC = YES;
				CLANG_ENABLE_OBJC_WEAK = YES;
				CLANG_WARN_BLOCK_CAPTURE_AUTORELEASING = YES;
				CLANG_WARN_BOOL_CONVERSION = YES;
				CLANG_WARN_COMMA = YES;
				CLANG_WARN_CONSTANT_CONVERSION = YES;
				CLANG_WARN_DEPRECATED_OBJC_IMPLEMENTATIONS = YES;
				CLANG_WARN_DIRECT_OBJC_ISA_USAGE = YES_ERROR;
				CLANG_WARN_DOCUMENTATION_COMMENTS = YES;
				CLANG_WARN_EMPTY_BODY = YES;
				CLANG_WARN_ENUM_CONVERSION = YES;
				CLANG_WARN_INFINITE_RECURSION = YES;
				CLANG_WARN_INT_CONVERSION = YES;
				CLANG_WARN_NON_LITERAL_NULL_CONVERSION = YES;
				CLANG_WARN_OBJC_IMPLICIT_RETAIN_SELF = YES;
				CLANG_WARN_OBJC_LITERAL_CONVERSION = YES;
				CLANG_WARN_OBJC_ROOT_CLASS = YES_ERROR;
				CLANG_WARN_QUOTED_INCLUDE_IN_FRAMEWORK_HEADER = YES;
				CLANG_WARN_RANGE_LOOP_ANALYSIS = YES;
				CLANG_WARN_STRICT_PROTOTYPES = YES;
				CLANG_WARN_SUSPICIOUS_MOVE = YES;
				CLANG_WARN_UNGUARDED_AVAILABILITY = YES_AGGRESSIVE;
				CLANG_WARN_UNREACHABLE_CODE = YES;
				CLANG_WARN__DUPLICATE_METHOD_MATCH = YES;
				COPY_PHASE_STRIP = NO;
				DEBUG_INFORMATION_FORMAT = "dwarf-with-dsym";
				ENABLE_NS_ASSERTIONS = NO;
				ENABLE_STRICT_OBJC_MSGSEND = YES;
				GCC_C_LANGUAGE_STANDARD = gnu17;
				GCC_NO_COMMON_BLOCKS = YES;
				GCC_WARN_64_TO_32_BIT_CONVERSION = YES;
				GCC_WARN_ABOUT_RETURN_TYPE = YES_ERROR;
				GCC_WARN_UNDECLARED_SELECTOR = YES;
				GCC_WARN_UNINITIALIZED_AUTOS = YES_AGGRESSIVE;
				GCC_WARN_UNUSED_FUNCTION = YES;
				GCC_WARN_UNUSED_VARIABLE = YES;
				LOCALIZATION_PREFERS_STRING_CATALOGS = YES;
				MACOSX_DEPLOYMENT_TARGET = 14.0;
				MTL_ENABLE_DEBUG_INFO = NO;
				MTL_FAST_MATH = YES;
				ONLY_ACTIVE_ARCH = NO;
				SDKROOT = macosx;
				SWIFT_INCLUDE_PATHS = "$(PROJECT_DIR)/Dependencies/SQLCipher";
				OTHER_SWIFT_FLAGS = "$(inherited) -Xcc -DSQLITE_HAS_CODEC";
				OTHER_LDFLAGS = "$(inherited) -L$(PROJECT_DIR)/Dependencies/SQLCipher/lib -framework Security -framework CoreFoundation -lz";
				SWIFT_COMPILATION_MODE = wholemodule;
				SWIFT_STRICT_CONCURRENCY = complete;
				SWIFT_VERSION = 6.0;
			};
			name = Release;
		};
		B00000000000000000000003 /* Debug */ = {
			isa = XCBuildConfiguration;
			buildSettings = {
				ARCHS = "arm64 x86_64";
				CODE_SIGN_ENTITLEMENTS = RekonPursuit/RekonPursuit.entitlements;
				CODE_SIGN_STYLE = Automatic;
				CURRENT_PROJECT_VERSION = 1;
				ENABLE_APP_SANDBOX = YES;
				ENABLE_HARDENED_RUNTIME = YES;
				GENERATE_INFOPLIST_FILE = YES;
				INFOPLIST_KEY_CFBundleDisplayName = "Rekon Pursuit";
				INFOPLIST_KEY_LSApplicationCategoryType = "public.app-category.productivity";
				LD_RUNPATH_SEARCH_PATHS = (
					"$(inherited)",
					"@executable_path/../Frameworks",
				);
				MACOSX_DEPLOYMENT_TARGET = 14.0;
				MARKETING_VERSION = 0.1.0;
				ONLY_ACTIVE_ARCH = NO;
				PRODUCT_BUNDLE_IDENTIFIER = com.rekonlabs.RekonPursuit;
				PRODUCT_NAME = "$(TARGET_NAME)";
				REGISTER_APP_GROUPS = NO;
				SDKROOT = macosx;
				SUPPORTED_PLATFORMS = macosx;
				SWIFT_DEFAULT_ACTOR_ISOLATION = MainActor;
				SWIFT_EMIT_LOC_STRINGS = YES;
				SWIFT_STRICT_CONCURRENCY = complete;
				SWIFT_VERSION = 6.0;
			};
			name = Debug;
		};
		B00000000000000000000004 /* Release */ = {
			isa = XCBuildConfiguration;
			buildSettings = {
				ARCHS = "arm64 x86_64";
				CODE_SIGN_ENTITLEMENTS = RekonPursuit/RekonPursuit.entitlements;
				CODE_SIGN_INJECT_BASE_ENTITLEMENTS = NO;
				CODE_SIGN_STYLE = Automatic;
				CURRENT_PROJECT_VERSION = 1;
				ENABLE_APP_SANDBOX = YES;
				ENABLE_HARDENED_RUNTIME = YES;
				GENERATE_INFOPLIST_FILE = YES;
				INFOPLIST_KEY_CFBundleDisplayName = "Rekon Pursuit";
				INFOPLIST_KEY_LSApplicationCategoryType = "public.app-category.productivity";
				LD_RUNPATH_SEARCH_PATHS = (
					"$(inherited)",
					"@executable_path/../Frameworks",
				);
				MACOSX_DEPLOYMENT_TARGET = 14.0;
				MARKETING_VERSION = 0.1.0;
				ONLY_ACTIVE_ARCH = NO;
				PRODUCT_BUNDLE_IDENTIFIER = com.rekonlabs.RekonPursuit;
				PRODUCT_NAME = "$(TARGET_NAME)";
				REGISTER_APP_GROUPS = NO;
				SDKROOT = macosx;
				SUPPORTED_PLATFORMS = macosx;
				SWIFT_DEFAULT_ACTOR_ISOLATION = MainActor;
				SWIFT_EMIT_LOC_STRINGS = YES;
				SWIFT_STRICT_CONCURRENCY = complete;
				SWIFT_VERSION = 6.0;
			};
			name = Release;
		};
		B00000000000000000000005 /* Debug */ = {
			isa = XCBuildConfiguration;
			buildSettings = {
				ARCHS = "arm64 x86_64";
				BUNDLE_LOADER = "$(TEST_HOST)";
				CODE_SIGN_STYLE = Automatic;
				GENERATE_INFOPLIST_FILE = YES;
				MACOSX_DEPLOYMENT_TARGET = 14.0;
				ONLY_ACTIVE_ARCH = NO;
				PRODUCT_BUNDLE_IDENTIFIER = com.rekonlabs.RekonPursuitTests;
				PRODUCT_NAME = "$(TARGET_NAME)";
				SDKROOT = macosx;
				SUPPORTED_PLATFORMS = macosx;
				SWIFT_STRICT_CONCURRENCY = complete;
				SWIFT_VERSION = 6.0;
				TEST_HOST = "$(BUILT_PRODUCTS_DIR)/RekonPursuit.app/Contents/MacOS/RekonPursuit";
			};
			name = Debug;
		};
		B00000000000000000000006 /* Release */ = {
			isa = XCBuildConfiguration;
			buildSettings = {
				ARCHS = "arm64 x86_64";
				BUNDLE_LOADER = "$(TEST_HOST)";
				CODE_SIGN_STYLE = Automatic;
				GENERATE_INFOPLIST_FILE = YES;
				MACOSX_DEPLOYMENT_TARGET = 14.0;
				ONLY_ACTIVE_ARCH = NO;
				PRODUCT_BUNDLE_IDENTIFIER = com.rekonlabs.RekonPursuitTests;
				PRODUCT_NAME = "$(TARGET_NAME)";
				SDKROOT = macosx;
				SUPPORTED_PLATFORMS = macosx;
				SWIFT_STRICT_CONCURRENCY = complete;
				SWIFT_VERSION = 6.0;
				TEST_HOST = "$(BUILT_PRODUCTS_DIR)/RekonPursuit.app/Contents/MacOS/RekonPursuit";
			};
			name = Release;
		};
		B00000000000000000000007 /* Debug */ = {
			isa = XCBuildConfiguration;
			buildSettings = {
				ARCHS = "arm64 x86_64";
				CODE_SIGN_STYLE = Automatic;
				GENERATE_INFOPLIST_FILE = YES;
				MACOSX_DEPLOYMENT_TARGET = 14.0;
				ONLY_ACTIVE_ARCH = NO;
				PRODUCT_BUNDLE_IDENTIFIER = com.rekonlabs.RekonPursuitUITests;
				PRODUCT_NAME = "$(TARGET_NAME)";
				SDKROOT = macosx;
				SUPPORTED_PLATFORMS = macosx;
				SWIFT_STRICT_CONCURRENCY = complete;
				SWIFT_VERSION = 6.0;
				TEST_TARGET_NAME = RekonPursuit;
			};
			name = Debug;
		};
		B00000000000000000000008 /* Release */ = {
			isa = XCBuildConfiguration;
			buildSettings = {
				ARCHS = "arm64 x86_64";
				CODE_SIGN_STYLE = Automatic;
				GENERATE_INFOPLIST_FILE = YES;
				MACOSX_DEPLOYMENT_TARGET = 14.0;
				ONLY_ACTIVE_ARCH = NO;
				PRODUCT_BUNDLE_IDENTIFIER = com.rekonlabs.RekonPursuitUITests;
				PRODUCT_NAME = "$(TARGET_NAME)";
				SDKROOT = macosx;
				SUPPORTED_PLATFORMS = macosx;
				SWIFT_STRICT_CONCURRENCY = complete;
				SWIFT_VERSION = 6.0;
				TEST_TARGET_NAME = RekonPursuit;
			};
			name = Release;
		};
/* End XCBuildConfiguration section */

/* Begin XCConfigurationList section */
		800000000000000000000001 /* Build configuration list for PBXProject "RekonPursuit" */ = {
			isa = XCConfigurationList;
			buildConfigurations = (
				B00000000000000000000001 /* Debug */,
				B00000000000000000000002 /* Release */,
			);
			defaultConfigurationIsVisible = 0;
			defaultConfigurationName = Release;
		};
		800000000000000000000002 /* Build configuration list for PBXNativeTarget "RekonPursuit" */ = {
			isa = XCConfigurationList;
			buildConfigurations = (
				B00000000000000000000003 /* Debug */,
				B00000000000000000000004 /* Release */,
			);
			defaultConfigurationIsVisible = 0;
			defaultConfigurationName = Release;
		};
		800000000000000000000003 /* Build configuration list for PBXNativeTarget "RekonPursuitTests" */ = {
			isa = XCConfigurationList;
			buildConfigurations = (
				B00000000000000000000005 /* Debug */,
				B00000000000000000000006 /* Release */,
			);
			defaultConfigurationIsVisible = 0;
			defaultConfigurationName = Release;
		};
		800000000000000000000004 /* Build configuration list for PBXNativeTarget "RekonPursuitUITests" */ = {
			isa = XCConfigurationList;
			buildConfigurations = (
				B00000000000000000000007 /* Debug */,
				B00000000000000000000008 /* Release */,
			);
			defaultConfigurationIsVisible = 0;
			defaultConfigurationName = Release;
		};
/* End XCConfigurationList section */
	};
	rootObject = 400000000000000000000001 /* Project object */;
}
